
Microsoft Visual Studio Solution File, Format Version 12.00
# Visual Studio Version 17
VisualStudioVersion = 17.7.34031.279
MinimumVisualStudioVersion = 10.0.40219.1
Project("{9A19103F-16F7-4668-BE54-9A1E7A4F7556}") = "WebApp1_Product", "WebApp1_Product.csproj", "{4BCA0A42-EF47-46C9-8C5C-55EAB4DA1CA4}"
EndProject
Project("{FAE04EC0-301F-11D3-BF4B-00C04F79EFBC}") = "WebApp2_Magazin", "..\WebApp2_Magazin\WebApp2_Magazin.csproj", "{25B83B00-9CC1-4D54-801A-73A0D5CA0303}"
EndProject
Global
	GlobalSection(SolutionConfigurationPlatforms) = preSolution
		Debug|Any CPU = Debug|Any CPU
		Release|Any CPU = Release|Any CPU
	EndGlobalSection
	GlobalSection(ProjectConfigurationPlatforms) = postSolution
		{4BCA0A42-EF47-46C9-8C5C-55EAB4DA1CA4}.Debug|Any CPU.ActiveCfg = Debug|Any CPU
		{4BCA0A42-EF47-46C9-8C5C-55EAB4DA1CA4}.Debug|Any CPU.Build.0 = Debug|Any CPU
		{4BCA0A42-EF47-46C9-8C5C-55EAB4DA1CA4}.Release|Any CPU.ActiveCfg = Release|Any CPU
		{4BCA0A42-EF47-46C9-8C5C-55EAB4DA1CA4}.Release|Any CPU.Build.0 = Release|Any CPU
		{25B83B00-9CC1-4D54-801A-73A0D5CA0303}.Debug|Any CPU.ActiveCfg = Debug|Any CPU
		{25B83B00-9CC1-4D54-801A-73A0D5CA0303}.Debug|Any CPU.Build.0 = Debug|Any CPU
		{25B83B00-9CC1-4D54-801A-73A0D5CA0303}.Release|Any CPU.ActiveCfg = Release|Any CPU
		{25B83B00-9CC1-4D54-801A-73A0D5CA0303}.Release|Any CPU.Build.0 = Release|Any CPU
	EndGlobalSection
	GlobalSection(SolutionProperties) = preSolution
		HideSolutionNode = FALSE
	EndGlobalSection
	GlobalSection(ExtensibilityGlobals) = postSolution
		SolutionGuid = {A2CCA57D-4723-4B53-AD2F-001775C2EABA}
	EndGlobalSection
EndGlobal
